
Microsoft Visual Studio Solution File, Format Version 12.00
# Visual Studio Version 17
VisualStudioVersion = 17.7.34031.279
MinimumVisualStudioVersion = 10.0.40219.1
Project("{FAE04EC0-301F-11D3-BF4B-00C04F79EFBC}") = "NewConsoleApp", "NewConsoleApp\NewConsoleApp.csproj", "{44265980-F22A-4ED8-91C7-6DF74C14AC7D}"
EndProject
Global
	GlobalSection(SolutionConfigurationPlatforms) = preSolution
		Debug|Any CPU = Debug|Any CPU
		Release|Any CPU = Release|Any CPU
	EndGlobalSection
	GlobalSection(ProjectConfigurationPlatforms) = postSolution
		{44265980-F22A-4ED8-91C7-6DF74C14AC7D}.Debug|Any CPU.ActiveCfg = Debug|Any CPU
		{44265980-F22A-4ED8-91C7-6DF74C14AC7D}.Debug|Any CPU.Build.0 = Debug|Any CPU
		{44265980-F22A-4ED8-91C7-6DF74C14AC7D}.Release|Any CPU.ActiveCfg = Release|Any CPU
		{44265980-F22A-4ED8-91C7-6DF74C14AC7D}.Release|Any CPU.Build.0 = Release|Any CPU
	EndGlobalSection
	GlobalSection(SolutionProperties) = preSolution
		HideSolutionNode = FALSE
	EndGlobalSection
	GlobalSection(ExtensibilityGlobals) = postSolution
		SolutionGuid = {13457270-D3D2-4B4C-A89E-DFF6AE57B32F}
	EndGlobalSection
EndGlobal
